
Microsoft Visual Studio Solution File, Format Version 12.00
# Visual Studio Version 16
VisualStudioVersion = 16.0.30503.244
MinimumVisualStudioVersion = 10.0.40219.1
Project("{FAE04EC0-301F-11D3-BF4B-00C04F79EFBC}") = "TesteToledo", "TesteToledo\TesteToledo.csproj", "{DD890DB7-A302-462E-B8B2-9EFA47537584}"
EndProject
Project("{FAE04EC0-301F-11D3-BF4B-00C04F79EFBC}") = "Repository", "Repository\Repository.csproj", "{AA698016-6D70-4F84-BAC5-91D2BF29634C}"
EndProject
Global
	GlobalSection(SolutionConfigurationPlatforms) = preSolution
		Debug|Any CPU = Debug|Any CPU
		Release|Any CPU = Release|Any CPU
	EndGlobalSection
	GlobalSection(ProjectConfigurationPlatforms) = postSolution
		{DD890DB7-A302-462E-B8B2-9EFA47537584}.Debug|Any CPU.ActiveCfg = Debug|Any CPU
		{DD890DB7-A302-462E-B8B2-9EFA47537584}.Debug|Any CPU.Build.0 = Debug|Any CPU
		{DD890DB7-A302-462E-B8B2-9EFA47537584}.Release|Any CPU.ActiveCfg = Release|Any CPU
		{DD890DB7-A302-462E-B8B2-9EFA47537584}.Release|Any CPU.Build.0 = Release|Any CPU
		{AA698016-6D70-4F84-BAC5-91D2BF29634C}.Debug|Any CPU.ActiveCfg = Debug|Any CPU
		{AA698016-6D70-4F84-BAC5-91D2BF29634C}.Debug|Any CPU.Build.0 = Debug|Any CPU
		{AA698016-6D70-4F84-BAC5-91D2BF29634C}.Release|Any CPU.ActiveCfg = Release|Any CPU
		{AA698016-6D70-4F84-BAC5-91D2BF29634C}.Release|Any CPU.Build.0 = Release|Any CPU
	EndGlobalSection
	GlobalSection(SolutionProperties) = preSolution
		HideSolutionNode = FALSE
	EndGlobalSection
	GlobalSection(ExtensibilityGlobals) = postSolution
		SolutionGuid = {301C5452-5555-42C4-B957-03E478196F75}
	EndGlobalSection
EndGlobal
